
Microsoft Visual Studio Solution File, Format Version 12.00
# Visual Studio Version 17
VisualStudioVersion = 17.0.31903.59
MinimumVisualStudioVersion = 10.0.40219.1
Project("{2150E333-8FDC-42A3-9474-1A3956D46DE8}") = "src", "src", "{970FC7BE-81BF-45F6-ADAE-7726BD3353B8}"
EndProject
Project("{2150E333-8FDC-42A3-9474-1A3956D46DE8}") = "Service", "Service", "{40080471-600F-4F96-A722-BCA915974640}"
EndProject
Project("{FAE04EC0-301F-11D3-BF4B-00C04F79EFBC}") = "Infra", "src\Service\Infra\Infra.csproj", "{FCF368A8-36AD-4B14-BD6B-A92C6B04997F}"
EndProject
Project("{FAE04EC0-301F-11D3-BF4B-00C04F79EFBC}") = "Domain", "src\Service\Domain\Domain.csproj", "{03B49303-58ED-48CF-84EA-53A05153BBA4}"
EndProject
Project("{FAE04EC0-301F-11D3-BF4B-00C04F79EFBC}") = "Data", "src\Service\Data\Data.csproj", "{09F3F120-77CE-4E4F-9292-9DC668A6E567}"
EndProject
Project("{FAE04EC0-301F-11D3-BF4B-00C04F79EFBC}") = "Application", "src\Service\Application\Application.csproj", "{22F37FB0-8C57-499A-B5B6-361A6B6C219D}"
EndProject
Project("{FAE04EC0-301F-11D3-BF4B-00C04F79EFBC}") = "API", "src\Service\API\API.csproj", "{2708929D-E784-43A8-B9EE-C416615B9649}"
EndProject
Project("{FAE04EC0-301F-11D3-BF4B-00C04F79EFBC}") = "Tests", "src\Service\Tests\Tests.csproj", "{CEC8C286-14AE-4E0D-A27F-CAB0F84B9AF7}"
EndProject
Global
	GlobalSection(SolutionConfigurationPlatforms) = preSolution
		Debug|Any CPU = Debug|Any CPU
		Release|Any CPU = Release|Any CPU
	EndGlobalSection
	GlobalSection(SolutionProperties) = preSolution
		HideSolutionNode = FALSE
	EndGlobalSection
	GlobalSection(ProjectConfigurationPlatforms) = postSolution
		{FCF368A8-36AD-4B14-BD6B-A92C6B04997F}.Debug|Any CPU.ActiveCfg = Debug|Any CPU
		{FCF368A8-36AD-4B14-BD6B-A92C6B04997F}.Debug|Any CPU.Build.0 = Debug|Any CPU
		{FCF368A8-36AD-4B14-BD6B-A92C6B04997F}.Release|Any CPU.ActiveCfg = Release|Any CPU
		{FCF368A8-36AD-4B14-BD6B-A92C6B04997F}.Release|Any CPU.Build.0 = Release|Any CPU
		{03B49303-58ED-48CF-84EA-53A05153BBA4}.Debug|Any CPU.ActiveCfg = Debug|Any CPU
		{03B49303-58ED-48CF-84EA-53A05153BBA4}.Debug|Any CPU.Build.0 = Debug|Any CPU
		{03B49303-58ED-48CF-84EA-53A05153BBA4}.Release|Any CPU.ActiveCfg = Release|Any CPU
		{03B49303-58ED-48CF-84EA-53A05153BBA4}.Release|Any CPU.Build.0 = Release|Any CPU
		{09F3F120-77CE-4E4F-9292-9DC668A6E567}.Debug|Any CPU.ActiveCfg = Debug|Any CPU
		{09F3F120-77CE-4E4F-9292-9DC668A6E567}.Debug|Any CPU.Build.0 = Debug|Any CPU
		{09F3F120-77CE-4E4F-9292-9DC668A6E567}.Release|Any CPU.ActiveCfg = Release|Any CPU
		{09F3F120-77CE-4E4F-9292-9DC668A6E567}.Release|Any CPU.Build.0 = Release|Any CPU
		{22F37FB0-8C57-499A-B5B6-361A6B6C219D}.Debug|Any CPU.ActiveCfg = Debug|Any CPU
		{22F37FB0-8C57-499A-B5B6-361A6B6C219D}.Debug|Any CPU.Build.0 = Debug|Any CPU
		{22F37FB0-8C57-499A-B5B6-361A6B6C219D}.Release|Any CPU.ActiveCfg = Release|Any CPU
		{22F37FB0-8C57-499A-B5B6-361A6B6C219D}.Release|Any CPU.Build.0 = Release|Any CPU
		{2708929D-E784-43A8-B9EE-C416615B9649}.Debug|Any CPU.ActiveCfg = Debug|Any CPU
		{2708929D-E784-43A8-B9EE-C416615B9649}.Debug|Any CPU.Build.0 = Debug|Any CPU
		{2708929D-E784-43A8-B9EE-C416615B9649}.Release|Any CPU.ActiveCfg = Release|Any CPU
		{2708929D-E784-43A8-B9EE-C416615B9649}.Release|Any CPU.Build.0 = Release|Any CPU
		{CEC8C286-14AE-4E0D-A27F-CAB0F84B9AF7}.Debug|Any CPU.ActiveCfg = Debug|Any CPU
		{CEC8C286-14AE-4E0D-A27F-CAB0F84B9AF7}.Debug|Any CPU.Build.0 = Debug|Any CPU
		{CEC8C286-14AE-4E0D-A27F-CAB0F84B9AF7}.Release|Any CPU.ActiveCfg = Release|Any CPU
		{CEC8C286-14AE-4E0D-A27F-CAB0F84B9AF7}.Release|Any CPU.Build.0 = Release|Any CPU
	EndGlobalSection
	GlobalSection(NestedProjects) = preSolution
		{40080471-600F-4F96-A722-BCA915974640} = {970FC7BE-81BF-45F6-ADAE-7726BD3353B8}
		{FCF368A8-36AD-4B14-BD6B-A92C6B04997F} = {40080471-600F-4F96-A722-BCA915974640}
		{03B49303-58ED-48CF-84EA-53A05153BBA4} = {40080471-600F-4F96-A722-BCA915974640}
		{09F3F120-77CE-4E4F-9292-9DC668A6E567} = {40080471-600F-4F96-A722-BCA915974640}
		{22F37FB0-8C57-499A-B5B6-361A6B6C219D} = {40080471-600F-4F96-A722-BCA915974640}
		{2708929D-E784-43A8-B9EE-C416615B9649} = {40080471-600F-4F96-A722-BCA915974640}
		{CEC8C286-14AE-4E0D-A27F-CAB0F84B9AF7} = {40080471-600F-4F96-A722-BCA915974640}
	EndGlobalSection
EndGlobal
